
Microsoft Visual Studio Solution File, Format Version 12.00
# Visual Studio Version 16
VisualStudioVersion = 16.0.30204.135
MinimumVisualStudioVersion = 10.0.40219.1
Project("{FAE04EC0-301F-11D3-BF4B-00C04F79EFBC}") = "Banken", "Banken\Banken.csproj", "{DE829CA9-C4DA-481A-965F-F4DDED4788F0}"
EndProject
Project("{FAE04EC0-301F-11D3-BF4B-00C04F79EFBC}") = "BankenTest", "BankenTest\BankenTest.csproj", "{A34CA07D-4D33-445A-B459-D662AF1A8A97}"
EndProject
Global
	GlobalSection(SolutionConfigurationPlatforms) = preSolution
		Debug|Any CPU = Debug|Any CPU
		Release|Any CPU = Release|Any CPU
	EndGlobalSection
	GlobalSection(ProjectConfigurationPlatforms) = postSolution
		{DE829CA9-C4DA-481A-965F-F4DDED4788F0}.Debug|Any CPU.ActiveCfg = Debug|Any CPU
		{DE829CA9-C4DA-481A-965F-F4DDED4788F0}.Debug|Any CPU.Build.0 = Debug|Any CPU
		{DE829CA9-C4DA-481A-965F-F4DDED4788F0}.Release|Any CPU.ActiveCfg = Release|Any CPU
		{DE829CA9-C4DA-481A-965F-F4DDED4788F0}.Release|Any CPU.Build.0 = Release|Any CPU
		{A34CA07D-4D33-445A-B459-D662AF1A8A97}.Debug|Any CPU.ActiveCfg = Debug|Any CPU
		{A34CA07D-4D33-445A-B459-D662AF1A8A97}.Debug|Any CPU.Build.0 = Debug|Any CPU
		{A34CA07D-4D33-445A-B459-D662AF1A8A97}.Release|Any CPU.ActiveCfg = Release|Any CPU
		{A34CA07D-4D33-445A-B459-D662AF1A8A97}.Release|Any CPU.Build.0 = Release|Any CPU
	EndGlobalSection
	GlobalSection(SolutionProperties) = preSolution
		HideSolutionNode = FALSE
	EndGlobalSection
	GlobalSection(ExtensibilityGlobals) = postSolution
		SolutionGuid = {254D5928-E4C0-4B3F-AA78-D44D8E5D9255}
	EndGlobalSection
EndGlobal
